Microsoft Visual Studio Solution File, Format Version 12.00
# Visual Studio 2012
Project("{2150E333-8FDC-42A3-9474-1A3956D46DE8}") = "Lib", "Lib", "{A874C27F-7E1B-4931-8A89-1DA6E16C9686}"
	ProjectSection(SolutionItems) = preProject
		Lib\ATT.WP8.SDK.dll = Lib\ATT.WP8.SDK.dll
		Lib\Windows.winmd = Lib\Windows.winmd
	EndProjectSection
EndProject
Project("{FAE04EC0-301F-11D3-BF4B-00C04F79EFBC}") = "ATT.Controls", "ATT.Controls\ATT.Controls.csproj", "{3450968A-FAA8-4A5A-9DD3-D2029AC72F33}"
EndProject
Project("{FAE04EC0-301F-11D3-BF4B-00C04F79EFBC}") = "ATT.SampleApp", "ATT.SampleApp\ATT.SampleApp.csproj", "{A307A0EB-6695-4234-B822-E6D7D4B7BBEF}"
EndProject
Project("{FAE04EC0-301F-11D3-BF4B-00C04F79EFBC}") = "ATT.Services.Console", "ATT.Services.Console\ATT.Services.Console.csproj", "{C99E505D-6089-4A2B-A369-B8AF6AF745D0}"
EndProject
Project("{FAE04EC0-301F-11D3-BF4B-00C04F79EFBC}") = "ATT.Services.Tests", "ATT.Services.Tests\ATT.Services.Tests.csproj", "{C8C39872-8F19-48E5-B683-693CB98F719A}"
EndProject
Project("{2150E333-8FDC-42A3-9474-1A3956D46DE8}") = "Tests", "Tests", "{5D7E9C2A-A983-4599-9B8E-829FD3A2F421}"
EndProject
Project("{FAE04EC0-301F-11D3-BF4B-00C04F79EFBC}") = "ATT.Utility.Tests", "ATT.Utility.Tests\ATT.Utility.Tests.csproj", "{D327D285-13D0-40AB-9146-00E6A9F2BE25}"
EndProject
Project("{FAE04EC0-301F-11D3-BF4B-00C04F79EFBC}") = "ATT.Services", "ATT.Services\ATT.Services.csproj", "{1F9F89D1-3E6E-4463-AF8E-652A2C2527C5}"
EndProject
Project("{FAE04EC0-301F-11D3-BF4B-00C04F79EFBC}") = "ATT.Utility", "ATT.Utility\ATT.Utility.csproj", "{E7D5B81D-1362-4FD1-8A5C-988AED16C71E}"
EndProject
Project("{FAE04EC0-301F-11D3-BF4B-00C04F79EFBC}") = "ATT.Services.Impl", "ATT.Services.Impl\ATT.Services.Impl.csproj", "{5862C1F7-1C9E-4F43-B763-45A4E55BDCE4}"
EndProject
Project("{FAE04EC0-301F-11D3-BF4B-00C04F79EFBC}") = "ATT.Controls.Tests", "ATT.Controls.Tests\ATT.Controls.Tests.csproj", "{11D6C6AA-F5D1-4B4D-B5E8-4103482753B8}"
EndProject
Project("{FAE04EC0-301F-11D3-BF4B-00C04F79EFBC}") = "ATT.Services.Mock", "ATT.Services.Mock\ATT.Services.Mock.csproj", "{72ABA15D-EBE7-48A8-B83F-13BADA63FD27}"
EndProject
Global
	GlobalSection(SolutionConfigurationPlatforms) = preSolution
		Debug|Any CPU = Debug|Any CPU
		Debug|ARM = Debug|ARM
		Debug|x64 = Debug|x64
		Debug|x86 = Debug|x86
		Release|Any CPU = Release|Any CPU
		Release|ARM = Release|ARM
		Release|x64 = Release|x64
		Release|x86 = Release|x86
	EndGlobalSection
	GlobalSection(ProjectConfigurationPlatforms) = postSolution
		{3450968A-FAA8-4A5A-9DD3-D2029AC72F33}.Debug|Any CPU.ActiveCfg = Debug|Any CPU
		{3450968A-FAA8-4A5A-9DD3-D2029AC72F33}.Debug|Any CPU.Build.0 = Debug|Any CPU
		{3450968A-FAA8-4A5A-9DD3-D2029AC72F33}.Debug|ARM.ActiveCfg = Debug|ARM
		{3450968A-FAA8-4A5A-9DD3-D2029AC72F33}.Debug|ARM.Build.0 = Debug|ARM
		{3450968A-FAA8-4A5A-9DD3-D2029AC72F33}.Debug|x64.ActiveCfg = Debug|x64
		{3450968A-FAA8-4A5A-9DD3-D2029AC72F33}.Debug|x64.Build.0 = Debug|x64
		{3450968A-FAA8-4A5A-9DD3-D2029AC72F33}.Debug|x86.ActiveCfg = Debug|x86
		{3450968A-FAA8-4A5A-9DD3-D2029AC72F33}.Debug|x86.Build.0 = Debug|x86
		{3450968A-FAA8-4A5A-9DD3-D2029AC72F33}.Release|Any CPU.ActiveCfg = Release|Any CPU
		{3450968A-FAA8-4A5A-9DD3-D2029AC72F33}.Release|Any CPU.Build.0 = Release|Any CPU
		{3450968A-FAA8-4A5A-9DD3-D2029AC72F33}.Release|ARM.ActiveCfg = Release|ARM
		{3450968A-FAA8-4A5A-9DD3-D2029AC72F33}.Release|ARM.Build.0 = Release|ARM
		{3450968A-FAA8-4A5A-9DD3-D2029AC72F33}.Release|x64.ActiveCfg = Release|x64
		{3450968A-FAA8-4A5A-9DD3-D2029AC72F33}.Release|x64.Build.0 = Release|x64
		{3450968A-FAA8-4A5A-9DD3-D2029AC72F33}.Release|x86.ActiveCfg = Release|x86
		{3450968A-FAA8-4A5A-9DD3-D2029AC72F33}.Release|x86.Build.0 = Release|x86
		{A307A0EB-6695-4234-B822-E6D7D4B7BBEF}.Debug|Any CPU.ActiveCfg = Debug|Any CPU
		{A307A0EB-6695-4234-B822-E6D7D4B7BBEF}.Debug|Any CPU.Build.0 = Debug|Any CPU
		{A307A0EB-6695-4234-B822-E6D7D4B7BBEF}.Debug|Any CPU.Deploy.0 = Debug|Any CPU
		{A307A0EB-6695-4234-B822-E6D7D4B7BBEF}.Debug|ARM.ActiveCfg = Debug|ARM
		{A307A0EB-6695-4234-B822-E6D7D4B7BBEF}.Debug|ARM.Build.0 = Debug|ARM
		{A307A0EB-6695-4234-B822-E6D7D4B7BBEF}.Debug|ARM.Deploy.0 = Debug|ARM
		{A307A0EB-6695-4234-B822-E6D7D4B7BBEF}.Debug|x64.ActiveCfg = Debug|x64
		{A307A0EB-6695-4234-B822-E6D7D4B7BBEF}.Debug|x64.Build.0 = Debug|x64
		{A307A0EB-6695-4234-B822-E6D7D4B7BBEF}.Debug|x64.Deploy.0 = Debug|x64
		{A307A0EB-6695-4234-B822-E6D7D4B7BBEF}.Debug|x86.ActiveCfg = Debug|x86
		{A307A0EB-6695-4234-B822-E6D7D4B7BBEF}.Debug|x86.Build.0 = Debug|x86
		{A307A0EB-6695-4234-B822-E6D7D4B7BBEF}.Debug|x86.Deploy.0 = Debug|x86
		{A307A0EB-6695-4234-B822-E6D7D4B7BBEF}.Release|Any CPU.ActiveCfg = Release|Any CPU
		{A307A0EB-6695-4234-B822-E6D7D4B7BBEF}.Release|Any CPU.Build.0 = Release|Any CPU
		{A307A0EB-6695-4234-B822-E6D7D4B7BBEF}.Release|Any CPU.Deploy.0 = Release|Any CPU
		{A307A0EB-6695-4234-B822-E6D7D4B7BBEF}.Release|ARM.ActiveCfg = Release|ARM
		{A307A0EB-6695-4234-B822-E6D7D4B7BBEF}.Release|ARM.Build.0 = Release|ARM
		{A307A0EB-6695-4234-B822-E6D7D4B7BBEF}.Release|ARM.Deploy.0 = Release|ARM
		{A307A0EB-6695-4234-B822-E6D7D4B7BBEF}.Release|x64.ActiveCfg = Release|x64
		{A307A0EB-6695-4234-B822-E6D7D4B7BBEF}.Release|x64.Build.0 = Release|x64
		{A307A0EB-6695-4234-B822-E6D7D4B7BBEF}.Release|x64.Deploy.0 = Release|x64
		{A307A0EB-6695-4234-B822-E6D7D4B7BBEF}.Release|x86.ActiveCfg = Release|x86
		{A307A0EB-6695-4234-B822-E6D7D4B7BBEF}.Release|x86.Build.0 = Release|x86
		{A307A0EB-6695-4234-B822-E6D7D4B7BBEF}.Release|x86.Deploy.0 = Release|x86
		{C99E505D-6089-4A2B-A369-B8AF6AF745D0}.Debug|Any CPU.ActiveCfg = Debug|Any CPU
		{C99E505D-6089-4A2B-A369-B8AF6AF745D0}.Debug|Any CPU.Build.0 = Debug|Any CPU
		{C99E505D-6089-4A2B-A369-B8AF6AF745D0}.Debug|ARM.ActiveCfg = Debug|Any CPU
		{C99E505D-6089-4A2B-A369-B8AF6AF745D0}.Debug|x64.ActiveCfg = Debug|Any CPU
		{C99E505D-6089-4A2B-A369-B8AF6AF745D0}.Debug|x86.ActiveCfg = Debug|Any CPU
		{C99E505D-6089-4A2B-A369-B8AF6AF745D0}.Release|Any CPU.ActiveCfg = Release|Any CPU
		{C99E505D-6089-4A2B-A369-B8AF6AF745D0}.Release|Any CPU.Build.0 = Release|Any CPU
		{C99E505D-6089-4A2B-A369-B8AF6AF745D0}.Release|ARM.ActiveCfg = Release|Any CPU
		{C99E505D-6089-4A2B-A369-B8AF6AF745D0}.Release|x64.ActiveCfg = Release|Any CPU
		{C99E505D-6089-4A2B-A369-B8AF6AF745D0}.Release|x86.ActiveCfg = Release|Any CPU
		{C8C39872-8F19-48E5-B683-693CB98F719A}.Debug|Any CPU.ActiveCfg = Debug|Any CPU
		{C8C39872-8F19-48E5-B683-693CB98F719A}.Debug|Any CPU.Build.0 = Debug|Any CPU
		{C8C39872-8F19-48E5-B683-693CB98F719A}.Debug|ARM.ActiveCfg = Debug|Any CPU
		{C8C39872-8F19-48E5-B683-693CB98F719A}.Debug|x64.ActiveCfg = Debug|Any CPU
		{C8C39872-8F19-48E5-B683-693CB98F719A}.Debug|x86.ActiveCfg = Debug|Any CPU
		{C8C39872-8F19-48E5-B683-693CB98F719A}.Release|Any CPU.ActiveCfg = Release|Any CPU
		{C8C39872-8F19-48E5-B683-693CB98F719A}.Release|Any CPU.Build.0 = Release|Any CPU
		{C8C39872-8F19-48E5-B683-693CB98F719A}.Release|ARM.ActiveCfg = Release|Any CPU
		{C8C39872-8F19-48E5-B683-693CB98F719A}.Release|x64.ActiveCfg = Release|Any CPU
		{C8C39872-8F19-48E5-B683-693CB98F719A}.Release|x86.ActiveCfg = Release|Any CPU
		{D327D285-13D0-40AB-9146-00E6A9F2BE25}.Debug|Any CPU.ActiveCfg = Debug|Any CPU
		{D327D285-13D0-40AB-9146-00E6A9F2BE25}.Debug|Any CPU.Build.0 = Debug|Any CPU
		{D327D285-13D0-40AB-9146-00E6A9F2BE25}.Debug|ARM.ActiveCfg = Debug|Any CPU
		{D327D285-13D0-40AB-9146-00E6A9F2BE25}.Debug|x64.ActiveCfg = Debug|Any CPU
		{D327D285-13D0-40AB-9146-00E6A9F2BE25}.Debug|x86.ActiveCfg = Debug|Any CPU
		{D327D285-13D0-40AB-9146-00E6A9F2BE25}.Release|Any CPU.ActiveCfg = Release|Any CPU
		{D327D285-13D0-40AB-9146-00E6A9F2BE25}.Release|Any CPU.Build.0 = Release|Any CPU
		{D327D285-13D0-40AB-9146-00E6A9F2BE25}.Release|ARM.ActiveCfg = Release|Any CPU
		{D327D285-13D0-40AB-9146-00E6A9F2BE25}.Release|x64.ActiveCfg = Release|Any CPU
		{D327D285-13D0-40AB-9146-00E6A9F2BE25}.Release|x86.ActiveCfg = Release|Any CPU
		{1F9F89D1-3E6E-4463-AF8E-652A2C2527C5}.Debug|Any CPU.ActiveCfg = Debug|Any CPU
		{1F9F89D1-3E6E-4463-AF8E-652A2C2527C5}.Debug|Any CPU.Build.0 = Debug|Any CPU
		{1F9F89D1-3E6E-4463-AF8E-652A2C2527C5}.Debug|ARM.ActiveCfg = Debug|Any CPU
		{1F9F89D1-3E6E-4463-AF8E-652A2C2527C5}.Debug|x64.ActiveCfg = Debug|Any CPU
		{1F9F89D1-3E6E-4463-AF8E-652A2C2527C5}.Debug|x86.ActiveCfg = Debug|Any CPU
		{1F9F89D1-3E6E-4463-AF8E-652A2C2527C5}.Release|Any CPU.ActiveCfg = Release|Any CPU
		{1F9F89D1-3E6E-4463-AF8E-652A2C2527C5}.Release|Any CPU.Build.0 = Release|Any CPU
		{1F9F89D1-3E6E-4463-AF8E-652A2C2527C5}.Release|ARM.ActiveCfg = Release|Any CPU
		{1F9F89D1-3E6E-4463-AF8E-652A2C2527C5}.Release|x64.ActiveCfg = Release|Any CPU
		{1F9F89D1-3E6E-4463-AF8E-652A2C2527C5}.Release|x86.ActiveCfg = Release|Any CPU
		{E7D5B81D-1362-4FD1-8A5C-988AED16C71E}.Debug|Any CPU.ActiveCfg = Debug|Any CPU
		{E7D5B81D-1362-4FD1-8A5C-988AED16C71E}.Debug|Any CPU.Build.0 = Debug|Any CPU
		{E7D5B81D-1362-4FD1-8A5C-988AED16C71E}.Debug|ARM.ActiveCfg = Debug|Any CPU
		{E7D5B81D-1362-4FD1-8A5C-988AED16C71E}.Debug|x64.ActiveCfg = Debug|Any CPU
		{E7D5B81D-1362-4FD1-8A5C-988AED16C71E}.Debug|x86.ActiveCfg = Debug|Any CPU
		{E7D5B81D-1362-4FD1-8A5C-988AED16C71E}.Release|Any CPU.ActiveCfg = Release|Any CPU
		{E7D5B81D-1362-4FD1-8A5C-988AED16C71E}.Release|Any CPU.Build.0 = Release|Any CPU
		{E7D5B81D-1362-4FD1-8A5C-988AED16C71E}.Release|ARM.ActiveCfg = Release|Any CPU
		{E7D5B81D-1362-4FD1-8A5C-988AED16C71E}.Release|x64.ActiveCfg = Release|Any CPU
		{E7D5B81D-1362-4FD1-8A5C-988AED16C71E}.Release|x86.ActiveCfg = Release|Any CPU
		{5862C1F7-1C9E-4F43-B763-45A4E55BDCE4}.Debug|Any CPU.ActiveCfg = Debug|Any CPU
		{5862C1F7-1C9E-4F43-B763-45A4E55BDCE4}.Debug|Any CPU.Build.0 = Debug|Any CPU
		{5862C1F7-1C9E-4F43-B763-45A4E55BDCE4}.Debug|ARM.ActiveCfg = Debug|Any CPU
		{5862C1F7-1C9E-4F43-B763-45A4E55BDCE4}.Debug|x64.ActiveCfg = Debug|Any CPU
		{5862C1F7-1C9E-4F43-B763-45A4E55BDCE4}.Debug|x86.ActiveCfg = Debug|Any CPU
		{5862C1F7-1C9E-4F43-B763-45A4E55BDCE4}.Release|Any CPU.ActiveCfg = Release|Any CPU
		{5862C1F7-1C9E-4F43-B763-45A4E55BDCE4}.Release|Any CPU.Build.0 = Release|Any CPU
		{5862C1F7-1C9E-4F43-B763-45A4E55BDCE4}.Release|ARM.ActiveCfg = Release|Any CPU
		{5862C1F7-1C9E-4F43-B763-45A4E55BDCE4}.Release|x64.ActiveCfg = Release|Any CPU
		{5862C1F7-1C9E-4F43-B763-45A4E55BDCE4}.Release|x86.ActiveCfg = Release|Any CPU
		{11D6C6AA-F5D1-4B4D-B5E8-4103482753B8}.Debug|Any CPU.ActiveCfg = Debug|Any CPU
		{11D6C6AA-F5D1-4B4D-B5E8-4103482753B8}.Debug|Any CPU.Build.0 = Debug|Any CPU
		{11D6C6AA-F5D1-4B4D-B5E8-4103482753B8}.Debug|Any CPU.Deploy.0 = Debug|Any CPU
		{11D6C6AA-F5D1-4B4D-B5E8-4103482753B8}.Debug|ARM.ActiveCfg = Debug|ARM
		{11D6C6AA-F5D1-4B4D-B5E8-4103482753B8}.Debug|ARM.Build.0 = Debug|ARM
		{11D6C6AA-F5D1-4B4D-B5E8-4103482753B8}.Debug|ARM.Deploy.0 = Debug|ARM
		{11D6C6AA-F5D1-4B4D-B5E8-4103482753B8}.Debug|x64.ActiveCfg = Debug|x64
		{11D6C6AA-F5D1-4B4D-B5E8-4103482753B8}.Debug|x64.Build.0 = Debug|x64
		{11D6C6AA-F5D1-4B4D-B5E8-4103482753B8}.Debug|x64.Deploy.0 = Debug|x64
		{11D6C6AA-F5D1-4B4D-B5E8-4103482753B8}.Debug|x86.ActiveCfg = Debug|x86
		{11D6C6AA-F5D1-4B4D-B5E8-4103482753B8}.Debug|x86.Build.0 = Debug|x86
		{11D6C6AA-F5D1-4B4D-B5E8-4103482753B8}.Debug|x86.Deploy.0 = Debug|x86
		{11D6C6AA-F5D1-4B4D-B5E8-4103482753B8}.Release|Any CPU.ActiveCfg = Release|Any CPU
		{11D6C6AA-F5D1-4B4D-B5E8-4103482753B8}.Release|Any CPU.Build.0 = Release|Any CPU
		{11D6C6AA-F5D1-4B4D-B5E8-4103482753B8}.Release|Any CPU.Deploy.0 = Release|Any CPU
		{11D6C6AA-F5D1-4B4D-B5E8-4103482753B8}.Release|ARM.ActiveCfg = Release|ARM
		{11D6C6AA-F5D1-4B4D-B5E8-4103482753B8}.Release|ARM.Build.0 = Release|ARM
		{11D6C6AA-F5D1-4B4D-B5E8-4103482753B8}.Release|ARM.Deploy.0 = Release|ARM
		{11D6C6AA-F5D1-4B4D-B5E8-4103482753B8}.Release|x64.ActiveCfg = Release|x64
		{11D6C6AA-F5D1-4B4D-B5E8-4103482753B8}.Release|x64.Build.0 = Release|x64
		{11D6C6AA-F5D1-4B4D-B5E8-4103482753B8}.Release|x64.Deploy.0 = Release|x64
		{11D6C6AA-F5D1-4B4D-B5E8-4103482753B8}.Release|x86.ActiveCfg = Release|x86
		{11D6C6AA-F5D1-4B4D-B5E8-4103482753B8}.Release|x86.Build.0 = Release|x86
		{11D6C6AA-F5D1-4B4D-B5E8-4103482753B8}.Release|x86.Deploy.0 = Release|x86
		{72ABA15D-EBE7-48A8-B83F-13BADA63FD27}.Debug|Any CPU.ActiveCfg = Debug|Any CPU
		{72ABA15D-EBE7-48A8-B83F-13BADA63FD27}.Debug|Any CPU.Build.0 = Debug|Any CPU
		{72ABA15D-EBE7-48A8-B83F-13BADA63FD27}.Debug|ARM.ActiveCfg = Debug|Any CPU
		{72ABA15D-EBE7-48A8-B83F-13BADA63FD27}.Debug|x64.ActiveCfg = Debug|Any CPU
		{72ABA15D-EBE7-48A8-B83F-13BADA63FD27}.Debug|x86.ActiveCfg = Debug|Any CPU
		{72ABA15D-EBE7-48A8-B83F-13BADA63FD27}.Release|Any CPU.ActiveCfg = Release|Any CPU
		{72ABA15D-EBE7-48A8-B83F-13BADA63FD27}.Release|Any CPU.Build.0 = Release|Any CPU
		{72ABA15D-EBE7-48A8-B83F-13BADA63FD27}.Release|ARM.ActiveCfg = Release|Any CPU
		{72ABA15D-EBE7-48A8-B83F-13BADA63FD27}.Release|x64.ActiveCfg = Release|Any CPU
		{72ABA15D-EBE7-48A8-B83F-13BADA63FD27}.Release|x86.ActiveCfg = Release|Any CPU
	EndGlobalSection
	GlobalSection(SolutionProperties) = preSolution
		HideSolutionNode = FALSE
	EndGlobalSection
	GlobalSection(NestedProjects) = preSolution
		{C8C39872-8F19-48E5-B683-693CB98F719A} = {5D7E9C2A-A983-4599-9B8E-829FD3A2F421}
		{D327D285-13D0-40AB-9146-00E6A9F2BE25} = {5D7E9C2A-A983-4599-9B8E-829FD3A2F421}
		{11D6C6AA-F5D1-4B4D-B5E8-4103482753B8} = {5D7E9C2A-A983-4599-9B8E-829FD3A2F421}
	EndGlobalSection
EndGlobal
